// !$*UTF8*$!
{
	archiveVersion = 1;
	classes = {
	};
	objectVersion = 46;
	objects = {

/* Begin PBXBuildFile section */
		6A07245F1EAAB4E600BF50B9 /* ParticipantTest.swift in Sources */ = {isa = PBXBuildFile; fileRef = 6A07245E1EAAB4E600BF50B9 /* ParticipantTest.swift */; };
		6A0724611EABD6FD00BF50B9 /* StringExtentionTest.swift in Sources */ = {isa = PBXBuildFile; fileRef = 6A0724601EABD6FD00BF50B9 /* StringExtentionTest.swift */; };
		6A0724641EAD719900BF50B9 /* ValidationTest.swift in Sources */ = {isa = PBXBuildFile; fileRef = 6A0724631EAD719900BF50B9 /* ValidationTest.swift */; };
		6A0724671EAD71EE00BF50B9 /* ParticipantsControllerTest.swift in Sources */ = {isa = PBXBuildFile; fileRef = 6A0724661EAD71EE00BF50B9 /* ParticipantsControllerTest.swift */; };
		6A2203DB1E8A00F900D92FBD /* Participant.swift in Sources */ = {isa = PBXBuildFile; fileRef = 6A2203DA1E8A00F900D92FBD /* Participant.swift */; };
		6A2203DD1E8A023100D92FBD /* ParticipantsController.swift in Sources */ = {isa = PBXBuildFile; fileRef = 6A2203DC1E8A023100D92FBD /* ParticipantsController.swift */; };
		6A2203DF1E8A056900D92FBD /* Utils.swift in Sources */ = {isa = PBXBuildFile; fileRef = 6A2203DE1E8A056900D92FBD /* Utils.swift */; };
		6A2203E11E8A05C900D92FBD /* SwapService.swift in Sources */ = {isa = PBXBuildFile; fileRef = 6A2203E01E8A05C900D92FBD /* SwapService.swift */; };
		6A2203E41E8A0B0A00D92FBD /* ParticipantsTableViewDataSource.swift in Sources */ = {isa = PBXBuildFile; fileRef = 6A2203E31E8A0B0A00D92FBD /* ParticipantsTableViewDataSource.swift */; };
		6A2203E71E8A0C1900D92FBD /* ParticipantCell.swift in Sources */ = {isa = PBXBuildFile; fileRef = 6A2203E61E8A0C1900D92FBD /* ParticipantCell.swift */; };
		6A2203E91E8A11AD00D92FBD /* ParticipantsTableViewDelegate.swift in Sources */ = {isa = PBXBuildFile; fileRef = 6A2203E81E8A11AD00D92FBD /* ParticipantsTableViewDelegate.swift */; };
		6A378A921EEA585300B2CDCA /* ParticipantMock.swift in Sources */ = {isa = PBXBuildFile; fileRef = 6A378A911EEA585300B2CDCA /* ParticipantMock.swift */; };
		6A6585591ED66764007DC5B6 /* AlertControllerDirector.swift in Sources */ = {isa = PBXBuildFile; fileRef = 6A6585581ED66764007DC5B6 /* AlertControllerDirector.swift */; };
		6A7ECEF81D4DC0EB00D29DD3 /* ParticipantSetUpViewController.swift in Sources */ = {isa = PBXBuildFile; fileRef = 6A7ECEF71D4DC0EB00D29DD3 /* ParticipantSetUpViewController.swift */; };
		6A84E10F1EA2C9B500E31073 /* ParticipantSetUpDataSource.swift in Sources */ = {isa = PBXBuildFile; fileRef = 6A84E10E1EA2C9B500E31073 /* ParticipantSetUpDataSource.swift */; };
		6AA83D301D49DC1F00B36668 /* AppDelegate.swift in Sources */ = {isa = PBXBuildFile; fileRef = 6AA83D2F1D49DC1F00B36668 /* AppDelegate.swift */; };
		6AA83D371D49DC1F00B36668 /* Main.storyboard in Resources */ = {isa = PBXBuildFile; fileRef = 6AA83D351D49DC1F00B36668 /* Main.storyboard */; };
		6AA83D391D49DC1F00B36668 /* Assets.xcassets in Resources */ = {isa = PBXBuildFile; fileRef = 6AA83D381D49DC1F00B36668 /* Assets.xcassets */; };
		6AA83D3C1D49DC1F00B36668 /* LaunchScreen.storyboard in Resources */ = {isa = PBXBuildFile; fileRef = 6AA83D3A1D49DC1F00B36668 /* LaunchScreen.storyboard */; };
		6AA83D4C1D49E1F800B36668 /* ParticipantsTableViewController.swift in Sources */ = {isa = PBXBuildFile; fileRef = 6AA83D4B1D49E1F800B36668 /* ParticipantsTableViewController.swift */; };
		6AA83D531D49E4BA00B36668 /* Localizable.strings in Resources */ = {isa = PBXBuildFile; fileRef = 6AA83D551D49E4BA00B36668 /* Localizable.strings */; };
		6AA83D591D49E9F300B36668 /* ActionControllerBuilder.swift in Sources */ = {isa = PBXBuildFile; fileRef = 6AA83D581D49E9F300B36668 /* ActionControllerBuilder.swift */; };
		6AA83D5B1D4A8D3B00B36668 /* RollViewController.swift in Sources */ = {isa = PBXBuildFile; fileRef = 6AA83D5A1D4A8D3B00B36668 /* RollViewController.swift */; };
		6AA83D5D1D4A8ED400B36668 /* BeginButton.swift in Sources */ = {isa = PBXBuildFile; fileRef = 6AA83D5C1D4A8ED400B36668 /* BeginButton.swift */; };
		6AA83D5F1D4AA5D400B36668 /* TabBarViewController.swift in Sources */ = {isa = PBXBuildFile; fileRef = 6AA83D5E1D4AA5D400B36668 /* TabBarViewController.swift */; };
		6AA83D611D4AA90000B36668 /* ViewChoiceViewController.swift in Sources */ = {isa = PBXBuildFile; fileRef = 6AA83D601D4AA90000B36668 /* ViewChoiceViewController.swift */; };
		6AA83D631D4AAC9A00B36668 /* ChoiceTableViewController.swift in Sources */ = {isa = PBXBuildFile; fileRef = 6AA83D621D4AAC9A00B36668 /* ChoiceTableViewController.swift */; };
		6AA83D651D4BED3A00B36668 /* ChoicePopOverViewController.swift in Sources */ = {isa = PBXBuildFile; fileRef = 6AA83D641D4BED3A00B36668 /* ChoicePopOverViewController.swift */; };
		6AA83D671D4C01C200B36668 /* ChoiceTableViewCell.swift in Sources */ = {isa = PBXBuildFile; fileRef = 6AA83D661D4C01C200B36668 /* ChoiceTableViewCell.swift */; };
		6AB4E2F11EECC7AC003DC58B /* ParticipantControllerTest.swift in Sources */ = {isa = PBXBuildFile; fileRef = 6AB4E2F01EECC7AC003DC58B /* ParticipantControllerTest.swift */; };
		6AB4E2F31EECC8C6003DC58B /* ParticipantsControllerMock.swift in Sources */ = {isa = PBXBuildFile; fileRef = 6AB4E2F21EECC8C6003DC58B /* ParticipantsControllerMock.swift */; };
		6AB960CE1EA2CF97004EF427 /* ParticipantCanPickCell.swift in Sources */ = {isa = PBXBuildFile; fileRef = 6AB960CD1EA2CF97004EF427 /* ParticipantCanPickCell.swift */; };
		6AB960D01EA2D345004EF427 /* ParticipantController.swift in Sources */ = {isa = PBXBuildFile; fileRef = 6AB960CF1EA2D345004EF427 /* ParticipantController.swift */; };
		6AB960D21EA323AF004EF427 /* ParticipantSetUpDelegate.swift in Sources */ = {isa = PBXBuildFile; fileRef = 6AB960D11EA323AF004EF427 /* ParticipantSetUpDelegate.swift */; };
		6AB960D81EA5A94D004EF427 /* InfoCell.swift in Sources */ = {isa = PBXBuildFile; fileRef = 6AB960D71EA5A94D004EF427 /* InfoCell.swift */; };
		6AB960DA1EA83B6B004EF427 /* CellBuilder.swift in Sources */ = {isa = PBXBuildFile; fileRef = 6AB960D91EA83B6B004EF427 /* CellBuilder.swift */; };
		6AB960E01EA865E0004EF427 /* NipCell.swift in Sources */ = {isa = PBXBuildFile; fileRef = 6AB960DF1EA865E0004EF427 /* NipCell.swift */; };
		6AB960E41EA9AA7B004EF427 /* ChoiceCell.xib in Resources */ = {isa = PBXBuildFile; fileRef = 6AB960E31EA9AA7B004EF427 /* ChoiceCell.xib */; };
		6AB960E61EA9AC1D004EF427 /* Validation.swift in Sources */ = {isa = PBXBuildFile; fileRef = 6AB960E51EA9AC1D004EF427 /* Validation.swift */; };
/* End PBXBuildFile section */

/* Begin PBXContainerItemProxy section */
		6A0724581EAAB44D00BF50B9 /* PBXContainerItemProxy */ = {
			isa = PBXContainerItemProxy;
			containerPortal = 6AA83D241D49DC1F00B36668 /* Project object */;
			proxyType = 1;
			remoteGlobalIDString = 6AA83D2B1D49DC1F00B36668;
			remoteInfo = GiftExchange;
		};
/* End PBXContainerItemProxy section */

/* Begin PBXFileReference section */
		6A0724531EAAB44D00BF50B9 /* GiftExchangeTests.xctest */ = {isa = PBXFileReference; explicitFileType = wrapper.cfbundle; includeInIndex = 0; path = GiftExchangeTests.xctest; sourceTree = BUILT_PRODUCTS_DIR; };
		6A0724571EAAB44D00BF50B9 /* Info.plist */ = {isa = PBXFileReference; lastKnownFileType = text.plist.xml; path = Info.plist; sourceTree = "<group>"; };
		6A07245E1EAAB4E600BF50B9 /* ParticipantTest.swift */ = {isa = PBXFileReference; fileEncoding = 4; lastKnownFileType = sourcecode.swift; name = ParticipantTest.swift; path = Model/ParticipantTest.swift; sourceTree = "<group>"; };
		6A0724601EABD6FD00BF50B9 /* StringExtentionTest.swift */ = {isa = PBXFileReference; fileEncoding = 4; lastKnownFileType = sourcecode.swift; name = StringExtentionTest.swift; path = Model/StringExtentionTest.swift; sourceTree = "<group>"; };
		6A0724631EAD719900BF50B9 /* ValidationTest.swift */ = {isa = PBXFileReference; fileEncoding = 4; lastKnownFileType = sourcecode.swift; name = ValidationTest.swift; path = Service/ValidationTest.swift; sourceTree = "<group>"; };
		6A0724661EAD71EE00BF50B9 /* ParticipantsControllerTest.swift */ = {isa = PBXFileReference; fileEncoding = 4; lastKnownFileType = sourcecode.swift; name = ParticipantsControllerTest.swift; path = Controller/ParticipantsControllerTest.swift; sourceTree = "<group>"; };
		6A2203DA1E8A00F900D92FBD /* Participant.swift */ = {isa = PBXFileReference; fileEncoding = 4; lastKnownFileType = sourcecode.swift; path = Participant.swift; sourceTree = "<group>"; };
		6A2203DC1E8A023100D92FBD /* ParticipantsController.swift */ = {isa = PBXFileReference; fileEncoding = 4; lastKnownFileType = sourcecode.swift; path = ParticipantsController.swift; sourceTree = "<group>"; };
		6A2203DE1E8A056900D92FBD /* Utils.swift */ = {isa = PBXFileReference; fileEncoding = 4; lastKnownFileType = sourcecode.swift; path = Utils.swift; sourceTree = "<group>"; };
		6A2203E01E8A05C900D92FBD /* SwapService.swift */ = {isa = PBXFileReference; fileEncoding = 4; lastKnownFileType = sourcecode.swift; path = SwapService.swift; sourceTree = "<group>"; };
		6A2203E31E8A0B0A00D92FBD /* ParticipantsTableViewDataSource.swift */ = {isa = PBXFileReference; fileEncoding = 4; lastKnownFileType = sourcecode.swift; path = ParticipantsTableViewDataSource.swift; sourceTree = "<group>"; };
		6A2203E61E8A0C1900D92FBD /* ParticipantCell.swift */ = {isa = PBXFileReference; fileEncoding = 4; lastKnownFileType = sourcecode.swift; path = ParticipantCell.swift; sourceTree = "<group>"; };
		6A2203E81E8A11AD00D92FBD /* ParticipantsTableViewDelegate.swift */ = {isa = PBXFileReference; fileEncoding = 4; lastKnownFileType = sourcecode.swift; path = ParticipantsTableViewDelegate.swift; sourceTree = "<group>"; };
		6A378A911EEA585300B2CDCA /* ParticipantMock.swift */ = {isa = PBXFileReference; lastKnownFileType = sourcecode.swift; path = ParticipantMock.swift; sourceTree = "<group>"; };
		6A6585581ED66764007DC5B6 /* AlertControllerDirector.swift */ = {isa = PBXFileReference; fileEncoding = 4; lastKnownFileType = sourcecode.swift; name = AlertControllerDirector.swift; path = ActionController/AlertControllerDirector.swift; sourceTree = "<group>"; };
		6A7ECEF71D4DC0EB00D29DD3 /* ParticipantSetUpViewController.swift */ = {isa = PBXFileReference; fileEncoding = 4; lastKnownFileType = sourcecode.swift; path = ParticipantSetUpViewController.swift; sourceTree = "<group>"; };
		6A84E10E1EA2C9B500E31073 /* ParticipantSetUpDataSource.swift */ = {isa = PBXFileReference; fileEncoding = 4; lastKnownFileType = sourcecode.swift; path = ParticipantSetUpDataSource.swift; sourceTree = "<group>"; };
		6AA83D2C1D49DC1F00B36668 /* GiftExchange.app */ = {isa = PBXFileReference; explicitFileType = wrapper.application; includeInIndex = 0; path = GiftExchange.app; sourceTree = BUILT_PRODUCTS_DIR; };
		6AA83D2F1D49DC1F00B36668 /* AppDelegate.swift */ = {isa = PBXFileReference; lastKnownFileType = sourcecode.swift; path = AppDelegate.swift; sourceTree = "<group>"; };
		6AA83D361D49DC1F00B36668 /* Base */ = {isa = PBXFileReference; lastKnownFileType = file.storyboard; name = Base; path = Base.lproj/Main.storyboard; sourceTree = "<group>"; };
		6AA83D381D49DC1F00B36668 /* Assets.xcassets */ = {isa = PBXFileReference; lastKnownFileType = folder.assetcatalog; path = Assets.xcassets; sourceTree = "<group>"; };
		6AA83D3B1D49DC1F00B36668 /* Base */ = {isa = PBXFileReference; lastKnownFileType = file.storyboard; name = Base; path = Base.lproj/LaunchScreen.storyboard; sourceTree = "<group>"; };
		6AA83D3D1D49DC1F00B36668 /* Info.plist */ = {isa = PBXFileReference; lastKnownFileType = text.plist.xml; path = Info.plist; sourceTree = "<group>"; };
		6AA83D4B1D49E1F800B36668 /* ParticipantsTableViewController.swift */ = {isa = PBXFileReference; fileEncoding = 4; lastKnownFileType = sourcecode.swift; path = ParticipantsTableViewController.swift; sourceTree = "<group>"; };
		6AA83D511D49E4A600B36668 /* fr-CA */ = {isa = PBXFileReference; lastKnownFileType = text.plist.strings; name = "fr-CA"; path = "fr-CA.lproj/Main.strings"; sourceTree = "<group>"; };
		6AA83D521D49E4A600B36668 /* fr-CA */ = {isa = PBXFileReference; lastKnownFileType = text.plist.strings; name = "fr-CA"; path = "fr-CA.lproj/LaunchScreen.strings"; sourceTree = "<group>"; };
		6AA83D541D49E4BA00B36668 /* en */ = {isa = PBXFileReference; lastKnownFileType = text.plist.strings; name = en; path = en.lproj/Localizable.strings; sourceTree = "<group>"; };
		6AA83D561D49E4CF00B36668 /* Base */ = {isa = PBXFileReference; lastKnownFileType = text.plist.strings; name = Base; path = Base.lproj/Localizable.strings; sourceTree = "<group>"; };
		6AA83D571D49E4D100B36668 /* fr-CA */ = {isa = PBXFileReference; lastKnownFileType = text.plist.strings; name = "fr-CA"; path = "fr-CA.lproj/Localizable.strings"; sourceTree = "<group>"; };
		6AA83D581D49E9F300B36668 /* ActionControllerBuilder.swift */ = {isa = PBXFileReference; fileEncoding = 4; lastKnownFileType = sourcecode.swift; name = ActionControllerBuilder.swift; path = ActionController/ActionControllerBuilder.swift; sourceTree = "<group>"; };
		6AA83D5A1D4A8D3B00B36668 /* RollViewController.swift */ = {isa = PBXFileReference; fileEncoding = 4; lastKnownFileType = sourcecode.swift; path = RollViewController.swift; sourceTree = "<group>"; };
		6AA83D5C1D4A8ED400B36668 /* BeginButton.swift */ = {isa = PBXFileReference; fileEncoding = 4; lastKnownFileType = sourcecode.swift; path = BeginButton.swift; sourceTree = "<group>"; };
		6AA83D5E1D4AA5D400B36668 /* TabBarViewController.swift */ = {isa = PBXFileReference; fileEncoding = 4; lastKnownFileType = sourcecode.swift; path = TabBarViewController.swift; sourceTree = "<group>"; };
		6AA83D601D4AA90000B36668 /* ViewChoiceViewController.swift */ = {isa = PBXFileReference; fileEncoding = 4; lastKnownFileType = sourcecode.swift; path = ViewChoiceViewController.swift; sourceTree = "<group>"; };
		6AA83D621D4AAC9A00B36668 /* ChoiceTableViewController.swift */ = {isa = PBXFileReference; fileEncoding = 4; lastKnownFileType = sourcecode.swift; path = ChoiceTableViewController.swift; sourceTree = "<group>"; };
		6AA83D641D4BED3A00B36668 /* ChoicePopOverViewController.swift */ = {isa = PBXFileReference; fileEncoding = 4; lastKnownFileType = sourcecode.swift; path = ChoicePopOverViewController.swift; sourceTree = "<group>"; };
		6AA83D661D4C01C200B36668 /* ChoiceTableViewCell.swift */ = {isa = PBXFileReference; fileEncoding = 4; lastKnownFileType = sourcecode.swift; path = ChoiceTableViewCell.swift; sourceTree = "<group>"; };
		6AB4E2F01EECC7AC003DC58B /* ParticipantControllerTest.swift */ = {isa = PBXFileReference; lastKnownFileType = sourcecode.swift; name = ParticipantControllerTest.swift; path = Controller/ParticipantControllerTest.swift; sourceTree = "<group>"; };
		6AB4E2F21EECC8C6003DC58B /* ParticipantsControllerMock.swift */ = {isa = PBXFileReference; lastKnownFileType = sourcecode.swift; path = ParticipantsControllerMock.swift; sourceTree = "<group>"; };
		6AB960CD1EA2CF97004EF427 /* ParticipantCanPickCell.swift */ = {isa = PBXFileReference; fileEncoding = 4; lastKnownFileType = sourcecode.swift; path = ParticipantCanPickCell.swift; sourceTree = "<group>"; };
		6AB960CF1EA2D345004EF427 /* ParticipantController.swift */ = {isa = PBXFileReference; fileEncoding = 4; lastKnownFileType = sourcecode.swift; path = ParticipantController.swift; sourceTree = "<group>"; };
		6AB960D11EA323AF004EF427 /* ParticipantSetUpDelegate.swift */ = {isa = PBXFileReference; fileEncoding = 4; lastKnownFileType = sourcecode.swift; path = ParticipantSetUpDelegate.swift; sourceTree = "<group>"; };
		6AB960D71EA5A94D004EF427 /* InfoCell.swift */ = {isa = PBXFileReference; fileEncoding = 4; lastKnownFileType = sourcecode.swift; path = InfoCell.swift; sourceTree = "<group>"; };
		6AB960D91EA83B6B004EF427 /* CellBuilder.swift */ = {isa = PBXFileReference; fileEncoding = 4; lastKnownFileType = sourcecode.swift; path = CellBuilder.swift; sourceTree = "<group>"; };
		6AB960DF1EA865E0004EF427 /* NipCell.swift */ = {isa = PBXFileReference; fileEncoding = 4; lastKnownFileType = sourcecode.swift; path = NipCell.swift; sourceTree = "<group>"; };
		6AB960E31EA9AA7B004EF427 /* ChoiceCell.xib */ = {isa = PBXFileReference; fileEncoding = 4; lastKnownFileType = file.xib; path = ChoiceCell.xib; sourceTree = "<group>"; };
		6AB960E51EA9AC1D004EF427 /* Validation.swift */ = {isa = PBXFileReference; fileEncoding = 4; lastKnownFileType = sourcecode.swift; path = Validation.swift; sourceTree = "<group>"; };
/* End PBXFileReference section */

/* Begin PBXFrameworksBuildPhase section */
		6A0724501EAAB44D00BF50B9 /* Frameworks */ = {
			isa = PBXFrameworksBuildPhase;
			buildActionMask = 2147483647;
			files = (
			);
			runOnlyForDeploymentPostprocessing = 0;
		};
		6AA83D291D49DC1F00B36668 /* Frameworks */ = {
			isa = PBXFrameworksBuildPhase;
			buildActionMask = 2147483647;
			files = (
			);
			runOnlyForDeploymentPostprocessing = 0;
		};
/* End PBXFrameworksBuildPhase section */

/* Begin PBXGroup section */
		6A0724541EAAB44D00BF50B9 /* GiftExchangeTests */ = {
			isa = PBXGroup;
			children = (
				6A378A901EEA582F00B2CDCA /* Mocks */,
				6A07245D1EAAB46F00BF50B9 /* Model */,
				6A0724621EAD716100BF50B9 /* Service */,
				6A0724651EAD71A700BF50B9 /* Controller */,
				6A0724571EAAB44D00BF50B9 /* Info.plist */,
			);
			path = GiftExchangeTests;
			sourceTree = "<group>";
		};
		6A07245D1EAAB46F00BF50B9 /* Model */ = {
			isa = PBXGroup;
			children = (
				6A07245E1EAAB4E600BF50B9 /* ParticipantTest.swift */,
				6A0724601EABD6FD00BF50B9 /* StringExtentionTest.swift */,
			);
			name = Model;
			sourceTree = "<group>";
		};
		6A0724621EAD716100BF50B9 /* Service */ = {
			isa = PBXGroup;
			children = (
				6A0724631EAD719900BF50B9 /* ValidationTest.swift */,
			);
			name = Service;
			sourceTree = "<group>";
		};
		6A0724651EAD71A700BF50B9 /* Controller */ = {
			isa = PBXGroup;
			children = (
				6A0724661EAD71EE00BF50B9 /* ParticipantsControllerTest.swift */,
				6AB4E2F01EECC7AC003DC58B /* ParticipantControllerTest.swift */,
			);
			name = Controller;
			sourceTree = "<group>";
		};
		6A2203D61E8A008B00D92FBD /* Model */ = {
			isa = PBXGroup;
			children = (
				6A2203DA1E8A00F900D92FBD /* Participant.swift */,
				6A2203DE1E8A056900D92FBD /* Utils.swift */,
			);
			path = Model;
			sourceTree = "<group>";
		};
		6A2203D71E8A00A800D92FBD /* View */ = {
			isa = PBXGroup;
			children = (
				6A6585571ED66732007DC5B6 /* AlertController */,
				6AA83D351D49DC1F00B36668 /* Main.storyboard */,
				6AA83D3A1D49DC1F00B36668 /* LaunchScreen.storyboard */,
				6AA83D381D49DC1F00B36668 /* Assets.xcassets */,
				6AA83D551D49E4BA00B36668 /* Localizable.strings */,
			);
			path = View;
			sourceTree = "<group>";
		};
		6A2203D81E8A00AE00D92FBD /* Controller */ = {
			isa = PBXGroup;
			children = (
				6A2203DC1E8A023100D92FBD /* ParticipantsController.swift */,
				6AB960CF1EA2D345004EF427 /* ParticipantController.swift */,
			);
			path = Controller;
			sourceTree = "<group>";
		};
		6A2203D91E8A00BD00D92FBD /* ViewController */ = {
			isa = PBXGroup;
			children = (
				6AA83D2F1D49DC1F00B36668 /* AppDelegate.swift */,
				6A2203E51E8A0B0F00D92FBD /* ParticipantsTable */,
				6A2203EB1E8B2A2D00D92FBD /* ParticipantSetUp */,
			);
			path = ViewController;
			sourceTree = "<group>";
		};
		6A2203E51E8A0B0F00D92FBD /* ParticipantsTable */ = {
			isa = PBXGroup;
			children = (
				6AA83D4B1D49E1F800B36668 /* ParticipantsTableViewController.swift */,
				6A2203E31E8A0B0A00D92FBD /* ParticipantsTableViewDataSource.swift */,
				6A2203E81E8A11AD00D92FBD /* ParticipantsTableViewDelegate.swift */,
				6A2203E61E8A0C1900D92FBD /* ParticipantCell.swift */,
			);
			path = ParticipantsTable;
			sourceTree = "<group>";
		};
		6A2203EB1E8B2A2D00D92FBD /* ParticipantSetUp */ = {
			isa = PBXGroup;
			children = (
				6A7ECEF71D4DC0EB00D29DD3 /* ParticipantSetUpViewController.swift */,
				6A84E10E1EA2C9B500E31073 /* ParticipantSetUpDataSource.swift */,
				6AB960D11EA323AF004EF427 /* ParticipantSetUpDelegate.swift */,
				6AB960DE1EA865BE004EF427 /* Cells */,
			);
			path = ParticipantSetUp;
			sourceTree = "<group>";
		};
		6A378A901EEA582F00B2CDCA /* Mocks */ = {
			isa = PBXGroup;
			children = (
				6A378A911EEA585300B2CDCA /* ParticipantMock.swift */,
				6AB4E2F21EECC8C6003DC58B /* ParticipantsControllerMock.swift */,
			);
			path = Mocks;
			sourceTree = "<group>";
		};
		6A6585571ED66732007DC5B6 /* AlertController */ = {
			isa = PBXGroup;
			children = (
				6AA83D581D49E9F300B36668 /* ActionControllerBuilder.swift */,
				6A6585581ED66764007DC5B6 /* AlertControllerDirector.swift */,
			);
			name = AlertController;
			sourceTree = "<group>";
		};
		6AA83D231D49DC1F00B36668 = {
			isa = PBXGroup;
			children = (
				6AA83D2E1D49DC1F00B36668 /* GiftExchange */,
				6A0724541EAAB44D00BF50B9 /* GiftExchangeTests */,
				6AA83D2D1D49DC1F00B36668 /* Products */,
			);
			sourceTree = "<group>";
		};
		6AA83D2D1D49DC1F00B36668 /* Products */ = {
			isa = PBXGroup;
			children = (
				6AA83D2C1D49DC1F00B36668 /* GiftExchange.app */,
				6A0724531EAAB44D00BF50B9 /* GiftExchangeTests.xctest */,
			);
			name = Products;
			sourceTree = "<group>";
		};
		6AA83D2E1D49DC1F00B36668 /* GiftExchange */ = {
			isa = PBXGroup;
			children = (
				6A2203D61E8A008B00D92FBD /* Model */,
				6AB960DB1EA8575A004EF427 /* Service */,
				6A2203D81E8A00AE00D92FBD /* Controller */,
				6A2203D91E8A00BD00D92FBD /* ViewController */,
				6A2203D71E8A00A800D92FBD /* View */,
				6AA83D3D1D49DC1F00B36668 /* Info.plist */,
				6AB960E31EA9AA7B004EF427 /* ChoiceCell.xib */,
				6AA83D5E1D4AA5D400B36668 /* TabBarViewController.swift */,
				6AA83D5A1D4A8D3B00B36668 /* RollViewController.swift */,
				6AA83D601D4AA90000B36668 /* ViewChoiceViewController.swift */,
				6AA83D621D4AAC9A00B36668 /* ChoiceTableViewController.swift */,
				6AA83D661D4C01C200B36668 /* ChoiceTableViewCell.swift */,
				6AA83D641D4BED3A00B36668 /* ChoicePopOverViewController.swift */,
				6AA83D5C1D4A8ED400B36668 /* BeginButton.swift */,
			);
			path = GiftExchange;
			sourceTree = "<group>";
		};
		6AB960DB1EA8575A004EF427 /* Service */ = {
			isa = PBXGroup;
			children = (
				6A2203E01E8A05C900D92FBD /* SwapService.swift */,
				6AB960E51EA9AC1D004EF427 /* Validation.swift */,
			);
			name = Service;
			path = Services;
			sourceTree = "<group>";
		};
		6AB960DE1EA865BE004EF427 /* Cells */ = {
			isa = PBXGroup;
			children = (
				6AB960CD1EA2CF97004EF427 /* ParticipantCanPickCell.swift */,
				6AB960D71EA5A94D004EF427 /* InfoCell.swift */,
				6AB960D91EA83B6B004EF427 /* CellBuilder.swift */,
				6AB960DF1EA865E0004EF427 /* NipCell.swift */,
			);
			path = Cells;
			sourceTree = "<group>";
		};
/* End PBXGroup section */

/* Begin PBXNativeTarget section */
		6A0724521EAAB44D00BF50B9 /* GiftExchangeTests */ = {
			isa = PBXNativeTarget;
			buildConfigurationList = 6A07245A1EAAB44D00BF50B9 /* Build configuration list for PBXNativeTarget "GiftExchangeTests" */;
			buildPhases = (
				6A07244F1EAAB44D00BF50B9 /* Sources */,
				6A0724501EAAB44D00BF50B9 /* Frameworks */,
				6A0724511EAAB44D00BF50B9 /* Resources */,
			);
			buildRules = (
			);
			dependencies = (
				6A0724591EAAB44D00BF50B9 /* PBXTargetDependency */,
			);
			name = GiftExchangeTests;
			productName = GiftExchangeTests;
			productReference = 6A0724531EAAB44D00BF50B9 /* GiftExchangeTests.xctest */;
			productType = "com.apple.product-type.bundle.unit-test";
		};
		6AA83D2B1D49DC1F00B36668 /* GiftExchange */ = {
			isa = PBXNativeTarget;
			buildConfigurationList = 6AA83D401D49DC1F00B36668 /* Build configuration list for PBXNativeTarget "GiftExchange" */;
			buildPhases = (
				6AA83D281D49DC1F00B36668 /* Sources */,
				6AA83D291D49DC1F00B36668 /* Frameworks */,
				6AA83D2A1D49DC1F00B36668 /* Resources */,
				6A07244E1EAAB21700BF50B9 /* ShellScript */,
			);
			buildRules = (
			);
			dependencies = (
			);
			name = GiftExchange;
			productName = GiftExchange;
			productReference = 6AA83D2C1D49DC1F00B36668 /* GiftExchange.app */;
			productType = "com.apple.product-type.application";
		};
/* End PBXNativeTarget section */

/* Begin PBXProject section */
		6AA83D241D49DC1F00B36668 /* Project object */ = {
			isa = PBXProject;
			attributes = {
				LastSwiftUpdateCheck = 0830;
				LastUpgradeCheck = 0820;
				ORGANIZATIONNAME = "Benoît Lévesque";
				TargetAttributes = {
					6A0724521EAAB44D00BF50B9 = {
						CreatedOnToolsVersion = 8.3.1;
						DevelopmentTeam = XGD4D4ZJ33;
						LastSwiftMigration = 0830;
						ProvisioningStyle = Automatic;
						TestTargetID = 6AA83D2B1D49DC1F00B36668;
					};
					6AA83D2B1D49DC1F00B36668 = {
						CreatedOnToolsVersion = 7.3.1;
						DevelopmentTeam = XGD4D4ZJ33;
						LastSwiftMigration = 0820;
					};
				};
			};
			buildConfigurationList = 6AA83D271D49DC1F00B36668 /* Build configuration list for PBXProject "GiftExchange" */;
			compatibilityVersion = "Xcode 3.2";
			developmentRegion = English;
			hasScannedForEncodings = 0;
			knownRegions = (
				en,
				Base,
				"fr-CA",
			);
			mainGroup = 6AA83D231D49DC1F00B36668;
			productRefGroup = 6AA83D2D1D49DC1F00B36668 /* Products */;
			projectDirPath = "";
			projectRoot = "";
			targets = (
				6AA83D2B1D49DC1F00B36668 /* GiftExchange */,
				6A0724521EAAB44D00BF50B9 /* GiftExchangeTests */,
			);
		};
/* End PBXProject section */

/* Begin PBXResourcesBuildPhase section */
		6A0724511EAAB44D00BF50B9 /* Resources */ = {
			isa = PBXResourcesBuildPhase;
			buildActionMask = 2147483647;
			files = (
			);
			runOnlyForDeploymentPostprocessing = 0;
		};
		6AA83D2A1D49DC1F00B36668 /* Resources */ = {
			isa = PBXResourcesBuildPhase;
			buildActionMask = 2147483647;
			files = (
				6AA83D3C1D49DC1F00B36668 /* LaunchScreen.storyboard in Resources */,
				6AA83D531D49E4BA00B36668 /* Localizable.strings in Resources */,
				6AA83D391D49DC1F00B36668 /* Assets.xcassets in Resources */,
				6AB960E41EA9AA7B004EF427 /* ChoiceCell.xib in Resources */,
				6AA83D371D49DC1F00B36668 /* Main.storyboard in Resources */,
			);
			runOnlyForDeploymentPostprocessing = 0;
		};
/* End PBXResourcesBuildPhase section */

/* Begin PBXShellScriptBuildPhase section */
		6A07244E1EAAB21700BF50B9 /* ShellScript */ = {
			isa = PBXShellScriptBuildPhase;
			buildActionMask = 2147483647;
			files = (
			);
			inputPaths = (
			);
			outputPaths = (
			);
			runOnlyForDeploymentPostprocessing = 0;
			shellPath = /bin/sh;
			shellScript = "buildNumber=$(/usr/libexec/PlistBuddy -c \"Print CFBundleVersion\" \"${PROJECT_DIR}/${INFOPLIST_FILE}\")\nbuildNumber=$(($buildNumber + 1))\n/usr/libexec/PlistBuddy -c \"Set :CFBundleVersion $buildNumber\" \"${PROJECT_DIR}/${INFOPLIST_FILE}\"";
		};
/* End PBXShellScriptBuildPhase section */

/* Begin PBXSourcesBuildPhase section */
		6A07244F1EAAB44D00BF50B9 /* Sources */ = {
			isa = PBXSourcesBuildPhase;
			buildActionMask = 2147483647;
			files = (
				6A07245F1EAAB4E600BF50B9 /* ParticipantTest.swift in Sources */,
				6AB4E2F11EECC7AC003DC58B /* ParticipantControllerTest.swift in Sources */,
				6AB4E2F31EECC8C6003DC58B /* ParticipantsControllerMock.swift in Sources */,
				6A378A921EEA585300B2CDCA /* ParticipantMock.swift in Sources */,
				6A0724611EABD6FD00BF50B9 /* StringExtentionTest.swift in Sources */,
				6A0724671EAD71EE00BF50B9 /* ParticipantsControllerTest.swift in Sources */,
				6A0724641EAD719900BF50B9 /* ValidationTest.swift in Sources */,
			);
			runOnlyForDeploymentPostprocessing = 0;
		};
		6AA83D281D49DC1F00B36668 /* Sources */ = {
			isa = PBXSourcesBuildPhase;
			buildActionMask = 2147483647;
			files = (
				6AA83D301D49DC1F00B36668 /* AppDelegate.swift in Sources */,
				6AA83D671D4C01C200B36668 /* ChoiceTableViewCell.swift in Sources */,
				6AB960E01EA865E0004EF427 /* NipCell.swift in Sources */,
				6AB960D21EA323AF004EF427 /* ParticipantSetUpDelegate.swift in Sources */,
				6AB960E61EA9AC1D004EF427 /* Validation.swift in Sources */,
				6AB960DA1EA83B6B004EF427 /* CellBuilder.swift in Sources */,
				6A2203E41E8A0B0A00D92FBD /* ParticipantsTableViewDataSource.swift in Sources */,
				6A2203E71E8A0C1900D92FBD /* ParticipantCell.swift in Sources */,
				6AA83D591D49E9F300B36668 /* ActionControllerBuilder.swift in Sources */,
				6A84E10F1EA2C9B500E31073 /* ParticipantSetUpDataSource.swift in Sources */,
				6A6585591ED66764007DC5B6 /* AlertControllerDirector.swift in Sources */,
				6A2203DF1E8A056900D92FBD /* Utils.swift in Sources */,
				6A2203E11E8A05C900D92FBD /* SwapService.swift in Sources */,
				6AA83D5B1D4A8D3B00B36668 /* RollViewController.swift in Sources */,
				6A2203DB1E8A00F900D92FBD /* Participant.swift in Sources */,
				6AA83D5D1D4A8ED400B36668 /* BeginButton.swift in Sources */,
				6A2203DD1E8A023100D92FBD /* ParticipantsController.swift in Sources */,
				6AA83D631D4AAC9A00B36668 /* ChoiceTableViewController.swift in Sources */,
				6AA83D5F1D4AA5D400B36668 /* TabBarViewController.swift in Sources */,
				6AA83D4C1D49E1F800B36668 /* ParticipantsTableViewController.swift in Sources */,
				6AA83D651D4BED3A00B36668 /* ChoicePopOverViewController.swift in Sources */,
				6AB960D81EA5A94D004EF427 /* InfoCell.swift in Sources */,
				6AA83D611D4AA90000B36668 /* ViewChoiceViewController.swift in Sources */,
				6AB960D01EA2D345004EF427 /* ParticipantController.swift in Sources */,
				6A2203E91E8A11AD00D92FBD /* ParticipantsTableViewDelegate.swift in Sources */,
				6A7ECEF81D4DC0EB00D29DD3 /* ParticipantSetUpViewController.swift in Sources */,
				6AB960CE1EA2CF97004EF427 /* ParticipantCanPickCell.swift in Sources */,
			);
			runOnlyForDeploymentPostprocessing = 0;
		};
/* End PBXSourcesBuildPhase section */

/* Begin PBXTargetDependency section */
		6A0724591EAAB44D00BF50B9 /* PBXTargetDependency */ = {
			isa = PBXTargetDependency;
			target = 6AA83D2B1D49DC1F00B36668 /* GiftExchange */;
			targetProxy = 6A0724581EAAB44D00BF50B9 /* PBXContainerItemProxy */;
		};
/* End PBXTargetDependency section */

/* Begin PBXVariantGroup section */
		6AA83D351D49DC1F00B36668 /* Main.storyboard */ = {
			isa = PBXVariantGroup;
			children = (
				6AA83D361D49DC1F00B36668 /* Base */,
				6AA83D511D49E4A600B36668 /* fr-CA */,
			);
			name = Main.storyboard;
			sourceTree = "<group>";
		};
		6AA83D3A1D49DC1F00B36668 /* LaunchScreen.storyboard */ = {
			isa = PBXVariantGroup;
			children = (
				6AA83D3B1D49DC1F00B36668 /* Base */,
				6AA83D521D49E4A600B36668 /* fr-CA */,
			);
			name = LaunchScreen.storyboard;
			sourceTree = "<group>";
		};
		6AA83D551D49E4BA00B36668 /* Localizable.strings */ = {
			isa = PBXVariantGroup;
			children = (
				6AA83D541D49E4BA00B36668 /* en */,
				6AA83D561D49E4CF00B36668 /* Base */,
				6AA83D571D49E4D100B36668 /* fr-CA */,
			);
			name = Localizable.strings;
			sourceTree = "<group>";
		};
/* End PBXVariantGroup section */

/* Begin XCBuildConfiguration section */
		6A07245B1EAAB44D00BF50B9 /* Debug */ = {
			isa = XCBuildConfiguration;
			buildSettings = {
				BUNDLE_LOADER = "$(TEST_HOST)";
				CLANG_ANALYZER_NUMBER_OBJECT_CONVERSION = YES_AGGRESSIVE;
				CLANG_ENABLE_MODULES = YES;
				CLANG_WARN_DOCUMENTATION_COMMENTS = YES;
				DEVELOPMENT_TEAM = XGD4D4ZJ33;
				INFOPLIST_FILE = GiftExchangeTests/Info.plist;
				IPHONEOS_DEPLOYMENT_TARGET = 10.3;
				LD_RUNPATH_SEARCH_PATHS = "$(inherited) @executable_path/Frameworks @loader_path/Frameworks";
				PRODUCT_BUNDLE_IDENTIFIER = com.geniusprod.GiftExchangeTests;
				PRODUCT_NAME = "$(TARGET_NAME)";
				SWIFT_ACTIVE_COMPILATION_CONDITIONS = DEBUG;
				SWIFT_OPTIMIZATION_LEVEL = "-Onone";
				SWIFT_VERSION = 3.0;
				TEST_HOST = "$(BUILT_PRODUCTS_DIR)/GiftExchange.app/GiftExchange";
			};
			name = Debug;
		};
		6A07245C1EAAB44D00BF50B9 /* Release */ = {
			isa = XCBuildConfiguration;
			buildSettings = {
				BUNDLE_LOADER = "$(TEST_HOST)";
				CLANG_ANALYZER_NUMBER_OBJECT_CONVERSION = YES_AGGRESSIVE;
				CLANG_ENABLE_MODULES = YES;
				CLANG_WARN_DOCUMENTATION_COMMENTS = YES;
				DEVELOPMENT_TEAM = XGD4D4ZJ33;
				INFOPLIST_FILE = GiftExchangeTests/Info.plist;
				IPHONEOS_DEPLOYMENT_TARGET = 10.3;
				LD_RUNPATH_SEARCH_PATHS = "$(inherited) @executable_path/Frameworks @loader_path/Frameworks";
				PRODUCT_BUNDLE_IDENTIFIER = com.geniusprod.GiftExchangeTests;
				PRODUCT_NAME = "$(TARGET_NAME)";
				SWIFT_VERSION = 3.0;
				TEST_HOST = "$(BUILT_PRODUCTS_DIR)/GiftExchange.app/GiftExchange";
			};
			name = Release;
		};
		6AA83D3E1D49DC1F00B36668 /* Debug */ = {
			isa = XCBuildConfiguration;
			buildSettings = {
				ALWAYS_SEARCH_USER_PATHS = NO;
				CLANG_ANALYZER_LOCALIZABILITY_NONLOCALIZED = YES;
				CLANG_ANALYZER_NONNULL = YES;
				CLANG_CXX_LANGUAGE_STANDARD = "gnu++0x";
				CLANG_CXX_LIBRARY = "libc++";
				CLANG_ENABLE_MODULES = YES;
				CLANG_ENABLE_OBJC_ARC = YES;
				CLANG_WARN_BOOL_CONVERSION = YES;
				CLANG_WARN_CONSTANT_CONVERSION = YES;
				CLANG_WARN_DIRECT_OBJC_ISA_USAGE = YES_ERROR;
				CLANG_WARN_EMPTY_BODY = YES;
				CLANG_WARN_ENUM_CONVERSION = YES;
				CLANG_WARN_INFINITE_RECURSION = YES;
				CLANG_WARN_INT_CONVERSION = YES;
				CLANG_WARN_OBJC_ROOT_CLASS = YES_ERROR;
				CLANG_WARN_SUSPICIOUS_MOVE = YES;
				CLANG_WARN_UNREACHABLE_CODE = YES;
				CLANG_WARN__DUPLICATE_METHOD_MATCH = YES;
				"CODE_SIGN_IDENTITY[sdk=iphoneos*]" = "iPhone Developer";
				COPY_PHASE_STRIP = NO;
				DEBUG_INFORMATION_FORMAT = dwarf;
				ENABLE_STRICT_OBJC_MSGSEND = YES;
				ENABLE_TESTABILITY = YES;
				GCC_C_LANGUAGE_STANDARD = gnu99;
				GCC_DYNAMIC_NO_PIC = NO;
				GCC_NO_COMMON_BLOCKS = YES;
				GCC_OPTIMIZATION_LEVEL = 0;
				GCC_PREPROCESSOR_DEFINITIONS = (
					"DEBUG=1",
					"$(inherited)",
				);
				GCC_WARN_64_TO_32_BIT_CONVERSION = YES;
				GCC_WARN_ABOUT_RETURN_TYPE = YES_ERROR;
				GCC_WARN_UNDECLARED_SELECTOR = YES;
				GCC_WARN_UNINITIALIZED_AUTOS = YES_AGGRESSIVE;
				GCC_WARN_UNUSED_FUNCTION = YES;
				GCC_WARN_UNUSED_VARIABLE = YES;
				IPHONEOS_DEPLOYMENT_TARGET = 9.3;
				MTL_ENABLE_DEBUG_INFO = YES;
				ONLY_ACTIVE_ARCH = YES;
				SDKROOT = iphoneos;
				SWIFT_OPTIMIZATION_LEVEL = "-Onone";
				TARGETED_DEVICE_FAMILY = "1,2";
			};
			name = Debug;
		};
		6AA83D3F1D49DC1F00B36668 /* Release */ = {
			isa = XCBuildConfiguration;
			buildSettings = {
				ALWAYS_SEARCH_USER_PATHS = NO;
				CLANG_ANALYZER_LOCALIZABILITY_NONLOCALIZED = YES;
				CLANG_ANALYZER_NONNULL = YES;
				CLANG_CXX_LANGUAGE_STANDARD = "gnu++0x";
				CLANG_CXX_LIBRARY = "libc++";
				CLANG_ENABLE_MODULES = YES;
				CLANG_ENABLE_OBJC_ARC = YES;
				CLANG_WARN_BOOL_CONVERSION = YES;
				CLANG_WARN_CONSTANT_CONVERSION = YES;
				CLANG_WARN_DIRECT_OBJC_ISA_USAGE = YES_ERROR;
				CLANG_WARN_EMPTY_BODY = YES;
				CLANG_WARN_ENUM_CONVERSION = YES;
				CLANG_WARN_INFINITE_RECURSION = YES;
				CLANG_WARN_INT_CONVERSION = YES;
				CLANG_WARN_OBJC_ROOT_CLASS = YES_ERROR;
				CLANG_WARN_SUSPICIOUS_MOVE = YES;
				CLANG_WARN_UNREACHABLE_CODE = YES;
				CLANG_WARN__DUPLICATE_METHOD_MATCH = YES;
				"CODE_SIGN_IDENTITY[sdk=iphoneos*]" = "iPhone Developer";
				COPY_PHASE_STRIP = NO;
				DEBUG_INFORMATION_FORMAT = "dwarf-with-dsym";
				ENABLE_NS_ASSERTIONS = NO;
				ENABLE_STRICT_OBJC_MSGSEND = YES;
				GCC_C_LANGUAGE_STANDARD = gnu99;
				GCC_NO_COMMON_BLOCKS = YES;
				GCC_WARN_64_TO_32_BIT_CONVERSION = YES;
				GCC_WARN_ABOUT_RETURN_TYPE = YES_ERROR;
				GCC_WARN_UNDECLARED_SELECTOR = YES;
				GCC_WARN_UNINITIALIZED_AUTOS = YES_AGGRESSIVE;
				GCC_WARN_UNUSED_FUNCTION = YES;
				GCC_WARN_UNUSED_VARIABLE = YES;
				IPHONEOS_DEPLOYMENT_TARGET = 9.3;
				MTL_ENABLE_DEBUG_INFO = NO;
				SDKROOT = iphoneos;
				SWIFT_OPTIMIZATION_LEVEL = "-Owholemodule";
				TARGETED_DEVICE_FAMILY = "1,2";
				VALIDATE_PRODUCT = YES;
			};
			name = Release;
		};
		6AA83D411D49DC1F00B36668 /* Debug */ = {
			isa = XCBuildConfiguration;
			buildSettings = {
				ASSETCATALOG_COMPILER_APPICON_NAME = AppIcon;
				INFOPLIST_FILE = GiftExchange/Info.plist;
				LD_RUNPATH_SEARCH_PATHS = "$(inherited) @executable_path/Frameworks";
				PRODUCT_BUNDLE_IDENTIFIER = com.geniusprod.GiftExchange;
				PRODUCT_NAME = "$(TARGET_NAME)";
				SWIFT_VERSION = 3.0;
			};
			name = Debug;
		};
		6AA83D421D49DC1F00B36668 /* Release */ = {
			isa = XCBuildConfiguration;
			buildSettings = {
				ASSETCATALOG_COMPILER_APPICON_NAME = AppIcon;
				INFOPLIST_FILE = GiftExchange/Info.plist;
				LD_RUNPATH_SEARCH_PATHS = "$(inherited) @executable_path/Frameworks";
				PRODUCT_BUNDLE_IDENTIFIER = com.geniusprod.GiftExchange;
				PRODUCT_NAME = "$(TARGET_NAME)";
				SWIFT_VERSION = 3.0;
			};
			name = Release;
		};
/* End XCBuildConfiguration section */

/* Begin XCConfigurationList section */
		6A07245A1EAAB44D00BF50B9 /* Build configuration list for PBXNativeTarget "GiftExchangeTests" */ = {
			isa = XCConfigurationList;
			buildConfigurations = (
				6A07245B1EAAB44D00BF50B9 /* Debug */,
				6A07245C1EAAB44D00BF50B9 /* Release */,
			);
			defaultConfigurationIsVisible = 0;
			defaultConfigurationName = Release;
		};
		6AA83D271D49DC1F00B36668 /* Build configuration list for PBXProject "GiftExchange" */ = {
			isa = XCConfigurationList;
			buildConfigurations = (
				6AA83D3E1D49DC1F00B36668 /* Debug */,
				6AA83D3F1D49DC1F00B36668 /* Release */,
			);
			defaultConfigurationIsVisible = 0;
			defaultConfigurationName = Release;
		};
		6AA83D401D49DC1F00B36668 /* Build configuration list for PBXNativeTarget "GiftExchange" */ = {
			isa = XCConfigurationList;
			buildConfigurations = (
				6AA83D411D49DC1F00B36668 /* Debug */,
				6AA83D421D49DC1F00B36668 /* Release */,
			);
			defaultConfigurationIsVisible = 0;
			defaultConfigurationName = Release;
		};
/* End XCConfigurationList section */
	};
	rootObject = 6AA83D241D49DC1F00B36668 /* Project object */;
}
